Microsoft Visual Studio Solution File, Format Version 12.00
# Visual Studio 15
VisualStudioVersion = 15.0.26403.7
MinimumVisualStudioVersion = 10.0.40219.1
Project("{2150E333-8FDC-42A3-9474-1A3956D46DE8}") = ".Global", ".Global", "{E7639B9D-2AC6-4D61-8531-3980E31E369D}"
EndProject
Project("{2150E333-8FDC-42A3-9474-1A3956D46DE8}") = "Build", "Build", "{F67082ED-8FC7-485A-BC57-A9E0763CC0BF}"
	ProjectSection(SolutionItems) = preProject
		.Global\Build\Build.props = .Global\Build\Build.props
		.Global\Build\Build.targets = .Global\Build\Build.targets
		.Global\Build\Class-Library.props = .Global\Build\Class-Library.props
		.Global\Build\Class-Library.targets = .Global\Build\Class-Library.targets
		.Global\Build\Microsoft.NET.Sdk.props = .Global\Build\Microsoft.NET.Sdk.props
		.Global\Build\Microsoft.NET.Sdk.targets = .Global\Build\Microsoft.NET.Sdk.targets
		.Global\Build\Test-Project.props = .Global\Build\Test-Project.props
		.Global\Build\Test-Project.targets = .Global\Build\Test-Project.targets
	EndProjectSection
EndProject
Project("{2150E333-8FDC-42A3-9474-1A3956D46DE8}") = "CodeAnalysis", "CodeAnalysis", "{D29A093C-8C20-49C1-BB1E-E7AA5993D48E}"
	ProjectSection(SolutionItems) = preProject
		.Global\CodeAnalysis\Solution.ruleset = .Global\CodeAnalysis\Solution.ruleset
		.Global\CodeAnalysis\Solution.Tests.ruleset = .Global\CodeAnalysis\Solution.Tests.ruleset
		.Global\CodeAnalysis\SolutionDictionary.xml = .Global\CodeAnalysis\SolutionDictionary.xml
		.Global\CodeAnalysis\SolutionSuppressions.cs = .Global\CodeAnalysis\SolutionSuppressions.cs
	EndProjectSection
EndProject
Project("{2150E333-8FDC-42A3-9474-1A3956D46DE8}") = "Documents", "Documents", "{1453DDA9-ACFF-4782-BD1D-212A8E525D9F}"
	ProjectSection(SolutionItems) = preProject
		ReadMe.md = ReadMe.md
	EndProjectSection
EndProject
Project("{2150E333-8FDC-42A3-9474-1A3956D46DE8}") = "NuGet", "NuGet", "{45BF45F6-CAEE-469F-8E38-FACA774803DC}"
	ProjectSection(SolutionItems) = preProject
		NuGet.config = NuGet.config
	EndProjectSection
EndProject
Project("{FAE04EC0-301F-11D3-BF4B-00C04F79EFBC}") = "Solution-Level-Packages", ".Global\NuGet\Solution-Level-Packages.csproj", "{495F7393-3EDA-4AED-9951-4817312E5554}"
EndProject
Project("{2150E333-8FDC-42A3-9474-1A3956D46DE8}") = "Signing", "Signing", "{F56E39F5-5328-4443-B683-CE96C32208F7}"
	ProjectSection(SolutionItems) = preProject
		.Global\Signing\ReadMe.txt = .Global\Signing\ReadMe.txt
		.Global\Signing\StrongName.Development.snk = .Global\Signing\StrongName.Development.snk
		.Global\Signing\StrongName.snk = .Global\Signing\StrongName.snk
	EndProjectSection
EndProject
Project("{2150E333-8FDC-42A3-9474-1A3956D46DE8}") = "NET-Core", "NET-Core", "{2057BC0C-DC03-4CD5-92D8-D4BC0D204BAA}"
EndProject
Project("{2150E333-8FDC-42A3-9474-1A3956D46DE8}") = "NET-Framework", "NET-Framework", "{18EDFE4B-9520-4195-9013-12FB29FA5325}"
EndProject
Project("{2150E333-8FDC-42A3-9474-1A3956D46DE8}") = "NET-Standard", "NET-Standard", "{30CEB3BC-3ED7-43C1-B160-08B8A604F534}"
EndProject
Project("{2150E333-8FDC-42A3-9474-1A3956D46DE8}") = "Git", "Git", "{6565E8F6-90A3-4130-AFD5-AB5E522105CE}"
	ProjectSection(SolutionItems) = preProject
		.gitignore = .gitignore
	EndProjectSection
EndProject
Project("{9A19103F-16F7-4668-BE54-9A1E7A4F7556}") = "NetCore", "NET-Core\NetCore\NetCore.csproj", "{BC9D71CD-6CF1-4CB1-84A1-1405A863F5D6}"
EndProject
Project("{9A19103F-16F7-4668-BE54-9A1E7A4F7556}") = "NetCore.UnitTests", "NET-Core\NetCore.UnitTests\NetCore.UnitTests.csproj", "{F8ED571F-6BBE-4FA6-AB42-343B0C3473EA}"
EndProject
Project("{9A19103F-16F7-4668-BE54-9A1E7A4F7556}") = "NetFramework", "NET-Framework\NetFramework\NetFramework.csproj", "{CC72E19F-0139-4B20-B50C-0F8C33413632}"
EndProject
Project("{9A19103F-16F7-4668-BE54-9A1E7A4F7556}") = "NetFramework.UnitTests", "NET-Framework\NetFramework.UnitTests\NetFramework.UnitTests.csproj", "{37182714-CD44-4025-8AF1-FBD5B6CDE7BD}"
EndProject
Project("{9A19103F-16F7-4668-BE54-9A1E7A4F7556}") = "NetStandard", "NET-Standard\NetStandard\NetStandard.csproj", "{18FD0381-3F08-4211-A273-2581A27CC1C6}"
EndProject
Project("{9A19103F-16F7-4668-BE54-9A1E7A4F7556}") = "NetStandard.UnitTests", "NET-Standard\NetStandard.UnitTests\NetStandard.UnitTests.csproj", "{5487E612-4098-425F-9CDD-94755E6BDF13}"
EndProject
Global
	GlobalSection(SolutionConfigurationPlatforms) = preSolution
		Debug|Any CPU = Debug|Any CPU
		Release|Any CPU = Release|Any CPU
	EndGlobalSection
	GlobalSection(ProjectConfigurationPlatforms) = postSolution
		{495F7393-3EDA-4AED-9951-4817312E5554}.Debug|Any CPU.ActiveCfg = Debug|Any CPU
		{495F7393-3EDA-4AED-9951-4817312E5554}.Debug|Any CPU.Build.0 = Debug|Any CPU
		{495F7393-3EDA-4AED-9951-4817312E5554}.Release|Any CPU.ActiveCfg = Debug|Any CPU
		{495F7393-3EDA-4AED-9951-4817312E5554}.Release|Any CPU.Build.0 = Debug|Any CPU
		{BC9D71CD-6CF1-4CB1-84A1-1405A863F5D6}.Debug|Any CPU.ActiveCfg = Debug|Any CPU
		{BC9D71CD-6CF1-4CB1-84A1-1405A863F5D6}.Debug|Any CPU.Build.0 = Debug|Any CPU
		{BC9D71CD-6CF1-4CB1-84A1-1405A863F5D6}.Release|Any CPU.ActiveCfg = Release|Any CPU
		{BC9D71CD-6CF1-4CB1-84A1-1405A863F5D6}.Release|Any CPU.Build.0 = Release|Any CPU
		{F8ED571F-6BBE-4FA6-AB42-343B0C3473EA}.Debug|Any CPU.ActiveCfg = Debug|Any CPU
		{F8ED571F-6BBE-4FA6-AB42-343B0C3473EA}.Debug|Any CPU.Build.0 = Debug|Any CPU
		{F8ED571F-6BBE-4FA6-AB42-343B0C3473EA}.Release|Any CPU.ActiveCfg = Release|Any CPU
		{F8ED571F-6BBE-4FA6-AB42-343B0C3473EA}.Release|Any CPU.Build.0 = Release|Any CPU
		{CC72E19F-0139-4B20-B50C-0F8C33413632}.Debug|Any CPU.ActiveCfg = Debug|Any CPU
		{CC72E19F-0139-4B20-B50C-0F8C33413632}.Debug|Any CPU.Build.0 = Debug|Any CPU
		{CC72E19F-0139-4B20-B50C-0F8C33413632}.Release|Any CPU.ActiveCfg = Release|Any CPU
		{CC72E19F-0139-4B20-B50C-0F8C33413632}.Release|Any CPU.Build.0 = Release|Any CPU
		{37182714-CD44-4025-8AF1-FBD5B6CDE7BD}.Debug|Any CPU.ActiveCfg = Debug|Any CPU
		{37182714-CD44-4025-8AF1-FBD5B6CDE7BD}.Debug|Any CPU.Build.0 = Debug|Any CPU
		{37182714-CD44-4025-8AF1-FBD5B6CDE7BD}.Release|Any CPU.ActiveCfg = Release|Any CPU
		{37182714-CD44-4025-8AF1-FBD5B6CDE7BD}.Release|Any CPU.Build.0 = Release|Any CPU
		{18FD0381-3F08-4211-A273-2581A27CC1C6}.Debug|Any CPU.ActiveCfg = Debug|Any CPU
		{18FD0381-3F08-4211-A273-2581A27CC1C6}.Debug|Any CPU.Build.0 = Debug|Any CPU
		{18FD0381-3F08-4211-A273-2581A27CC1C6}.Release|Any CPU.ActiveCfg = Release|Any CPU
		{18FD0381-3F08-4211-A273-2581A27CC1C6}.Release|Any CPU.Build.0 = Release|Any CPU
		{5487E612-4098-425F-9CDD-94755E6BDF13}.Debug|Any CPU.ActiveCfg = Debug|Any CPU
		{5487E612-4098-425F-9CDD-94755E6BDF13}.Debug|Any CPU.Build.0 = Debug|Any CPU
		{5487E612-4098-425F-9CDD-94755E6BDF13}.Release|Any CPU.ActiveCfg = Release|Any CPU
		{5487E612-4098-425F-9CDD-94755E6BDF13}.Release|Any CPU.Build.0 = Release|Any CPU
	EndGlobalSection
	GlobalSection(SolutionProperties) = preSolution
		HideSolutionNode = FALSE
	EndGlobalSection
	GlobalSection(NestedProjects) = preSolution
		{F67082ED-8FC7-485A-BC57-A9E0763CC0BF} = {E7639B9D-2AC6-4D61-8531-3980E31E369D}
		{D29A093C-8C20-49C1-BB1E-E7AA5993D48E} = {E7639B9D-2AC6-4D61-8531-3980E31E369D}
		{1453DDA9-ACFF-4782-BD1D-212A8E525D9F} = {E7639B9D-2AC6-4D61-8531-3980E31E369D}
		{45BF45F6-CAEE-469F-8E38-FACA774803DC} = {E7639B9D-2AC6-4D61-8531-3980E31E369D}
		{495F7393-3EDA-4AED-9951-4817312E5554} = {45BF45F6-CAEE-469F-8E38-FACA774803DC}
		{F56E39F5-5328-4443-B683-CE96C32208F7} = {E7639B9D-2AC6-4D61-8531-3980E31E369D}
		{6565E8F6-90A3-4130-AFD5-AB5E522105CE} = {E7639B9D-2AC6-4D61-8531-3980E31E369D}
		{BC9D71CD-6CF1-4CB1-84A1-1405A863F5D6} = {2057BC0C-DC03-4CD5-92D8-D4BC0D204BAA}
		{F8ED571F-6BBE-4FA6-AB42-343B0C3473EA} = {2057BC0C-DC03-4CD5-92D8-D4BC0D204BAA}
		{CC72E19F-0139-4B20-B50C-0F8C33413632} = {18EDFE4B-9520-4195-9013-12FB29FA5325}
		{37182714-CD44-4025-8AF1-FBD5B6CDE7BD} = {18EDFE4B-9520-4195-9013-12FB29FA5325}
		{18FD0381-3F08-4211-A273-2581A27CC1C6} = {30CEB3BC-3ED7-43C1-B160-08B8A604F534}
		{5487E612-4098-425F-9CDD-94755E6BDF13} = {30CEB3BC-3ED7-43C1-B160-08B8A604F534}
	EndGlobalSection
EndGlobal
