Microsoft Visual Studio Solution File, Format Version 12.00
# Visual Studio 14
VisualStudioVersion = 14.0.25420.1
MinimumVisualStudioVersion = 10.0.40219.1
Project("{2150E333-8FDC-42A3-9474-1A3956D46DE8}") = ".Global", ".Global", "{E7639B9D-2AC6-4D61-8531-3980E31E369D}"
EndProject
Project("{FAE04EC0-301F-11D3-BF4B-00C04F79EFBC}") = "Project", "Project\Project.csproj", "{5891F1BC-AE0C-4D93-891F-850B0D0EE813}"
EndProject
Project("{FAE04EC0-301F-11D3-BF4B-00C04F79EFBC}") = "UnitTests", "UnitTests\UnitTests.csproj", "{FDC86481-8B18-4753-A5BC-401A471C171A}"
EndProject
Project("{2150E333-8FDC-42A3-9474-1A3956D46DE8}") = "Build", "Build", "{F67082ED-8FC7-485A-BC57-A9E0763CC0BF}"
	ProjectSection(SolutionItems) = preProject
		.Global\Build\Build.props = .Global\Build\Build.props
		.Global\Build\Build.targets = .Global\Build\Build.targets
	EndProjectSection
EndProject
Project("{2150E333-8FDC-42A3-9474-1A3956D46DE8}") = "CodeAnalysis", "CodeAnalysis", "{D29A093C-8C20-49C1-BB1E-E7AA5993D48E}"
	ProjectSection(SolutionItems) = preProject
		.Global\CodeAnalysis\Solution.ruleset = .Global\CodeAnalysis\Solution.ruleset
		.Global\CodeAnalysis\Solution.Tests.ruleset = .Global\CodeAnalysis\Solution.Tests.ruleset
		.Global\CodeAnalysis\SolutionDictionary.xml = .Global\CodeAnalysis\SolutionDictionary.xml
		.Global\CodeAnalysis\SolutionSuppressions.cs = .Global\CodeAnalysis\SolutionSuppressions.cs
	EndProjectSection
EndProject
Project("{2150E333-8FDC-42A3-9474-1A3956D46DE8}") = "Documents", "Documents", "{1453DDA9-ACFF-4782-BD1D-212A8E525D9F}"
	ProjectSection(SolutionItems) = preProject
		ReadMe.md = ReadMe.md
	EndProjectSection
EndProject
Project("{2150E333-8FDC-42A3-9474-1A3956D46DE8}") = "NuGet", "NuGet", "{45BF45F6-CAEE-469F-8E38-FACA774803DC}"
	ProjectSection(SolutionItems) = preProject
		NuGet.config = NuGet.config
	EndProjectSection
EndProject
Project("{FAE04EC0-301F-11D3-BF4B-00C04F79EFBC}") = "Solution-Level-Packages", ".Global\NuGet\Solution-Level-Packages.csproj", "{495F7393-3EDA-4AED-9951-4817312E5554}"
EndProject
Project("{2150E333-8FDC-42A3-9474-1A3956D46DE8}") = "Properties", "Properties", "{BC7E6F6E-1D56-422E-8066-6052F1F9E3E4}"
	ProjectSection(SolutionItems) = preProject
		.Global\Properties\Solution-Basic-AssemblyInfo.cs = .Global\Properties\Solution-Basic-AssemblyInfo.cs
		.Global\Properties\Solution-Version-AssemblyInfo.cs = .Global\Properties\Solution-Version-AssemblyInfo.cs
	EndProjectSection
EndProject
Project("{2150E333-8FDC-42A3-9474-1A3956D46DE8}") = "Signing", "Signing", "{F56E39F5-5328-4443-B683-CE96C32208F7}"
	ProjectSection(SolutionItems) = preProject
		.Global\Signing\ReadMe.txt = .Global\Signing\ReadMe.txt
		.Global\Signing\StrongName.Development.snk = .Global\Signing\StrongName.Development.snk
		.Global\Signing\StrongName.snk = .Global\Signing\StrongName.snk
	EndProjectSection
EndProject
Global
	GlobalSection(SolutionConfigurationPlatforms) = preSolution
		Debug|Any CPU = Debug|Any CPU
		Release|Any CPU = Release|Any CPU
	EndGlobalSection
	GlobalSection(ProjectConfigurationPlatforms) = postSolution
		{5891F1BC-AE0C-4D93-891F-850B0D0EE813}.Debug|Any CPU.ActiveCfg = Debug|Any CPU
		{5891F1BC-AE0C-4D93-891F-850B0D0EE813}.Debug|Any CPU.Build.0 = Debug|Any CPU
		{5891F1BC-AE0C-4D93-891F-850B0D0EE813}.Release|Any CPU.ActiveCfg = Release|Any CPU
		{5891F1BC-AE0C-4D93-891F-850B0D0EE813}.Release|Any CPU.Build.0 = Release|Any CPU
		{FDC86481-8B18-4753-A5BC-401A471C171A}.Debug|Any CPU.ActiveCfg = Debug|Any CPU
		{FDC86481-8B18-4753-A5BC-401A471C171A}.Debug|Any CPU.Build.0 = Debug|Any CPU
		{FDC86481-8B18-4753-A5BC-401A471C171A}.Release|Any CPU.ActiveCfg = Release|Any CPU
		{FDC86481-8B18-4753-A5BC-401A471C171A}.Release|Any CPU.Build.0 = Release|Any CPU
		{495F7393-3EDA-4AED-9951-4817312E5554}.Debug|Any CPU.ActiveCfg = Debug|Any CPU
		{495F7393-3EDA-4AED-9951-4817312E5554}.Debug|Any CPU.Build.0 = Debug|Any CPU
		{495F7393-3EDA-4AED-9951-4817312E5554}.Release|Any CPU.ActiveCfg = Debug|Any CPU
		{495F7393-3EDA-4AED-9951-4817312E5554}.Release|Any CPU.Build.0 = Debug|Any CPU
	EndGlobalSection
	GlobalSection(SolutionProperties) = preSolution
		HideSolutionNode = FALSE
	EndGlobalSection
	GlobalSection(NestedProjects) = preSolution
		{F67082ED-8FC7-485A-BC57-A9E0763CC0BF} = {E7639B9D-2AC6-4D61-8531-3980E31E369D}
		{D29A093C-8C20-49C1-BB1E-E7AA5993D48E} = {E7639B9D-2AC6-4D61-8531-3980E31E369D}
		{1453DDA9-ACFF-4782-BD1D-212A8E525D9F} = {E7639B9D-2AC6-4D61-8531-3980E31E369D}
		{45BF45F6-CAEE-469F-8E38-FACA774803DC} = {E7639B9D-2AC6-4D61-8531-3980E31E369D}
		{495F7393-3EDA-4AED-9951-4817312E5554} = {45BF45F6-CAEE-469F-8E38-FACA774803DC}
		{BC7E6F6E-1D56-422E-8066-6052F1F9E3E4} = {E7639B9D-2AC6-4D61-8531-3980E31E369D}
		{F56E39F5-5328-4443-B683-CE96C32208F7} = {E7639B9D-2AC6-4D61-8531-3980E31E369D}
	EndGlobalSection
EndGlobal
