Microsoft Visual Studio Solution File, Format Version 12.00
# Visual Studio 15
VisualStudioVersion = 15.0.26403.7
MinimumVisualStudioVersion = 10.0.40219.1
Project("{2150E333-8FDC-42A3-9474-1A3956D46DE8}") = ".Global", ".Global", "{E7639B9D-2AC6-4D61-8531-3980E31E369D}"
EndProject
Project("{2150E333-8FDC-42A3-9474-1A3956D46DE8}") = "Build", "Build", "{F67082ED-8FC7-485A-BC57-A9E0763CC0BF}"
	ProjectSection(SolutionItems) = preProject
		.Global\Build\Build.props = .Global\Build\Build.props
		.Global\Build\Build.targets = .Global\Build\Build.targets
	EndProjectSection
EndProject
Project("{2150E333-8FDC-42A3-9474-1A3956D46DE8}") = "CodeAnalysis", "CodeAnalysis", "{D29A093C-8C20-49C1-BB1E-E7AA5993D48E}"
	ProjectSection(SolutionItems) = preProject
		.Global\CodeAnalysis\Solution.ruleset = .Global\CodeAnalysis\Solution.ruleset
		.Global\CodeAnalysis\Solution.Tests.ruleset = .Global\CodeAnalysis\Solution.Tests.ruleset
		.Global\CodeAnalysis\SolutionDictionary.xml = .Global\CodeAnalysis\SolutionDictionary.xml
		.Global\CodeAnalysis\SolutionSuppressions.cs = .Global\CodeAnalysis\SolutionSuppressions.cs
	EndProjectSection
EndProject
Project("{2150E333-8FDC-42A3-9474-1A3956D46DE8}") = "Documents", "Documents", "{1453DDA9-ACFF-4782-BD1D-212A8E525D9F}"
	ProjectSection(SolutionItems) = preProject
		ReadMe.md = ReadMe.md
	EndProjectSection
EndProject
Project("{2150E333-8FDC-42A3-9474-1A3956D46DE8}") = "NuGet", "NuGet", "{45BF45F6-CAEE-469F-8E38-FACA774803DC}"
	ProjectSection(SolutionItems) = preProject
		NuGet.config = NuGet.config
	EndProjectSection
EndProject
Project("{FAE04EC0-301F-11D3-BF4B-00C04F79EFBC}") = "Solution-Level-Packages", ".Global\NuGet\Solution-Level-Packages.csproj", "{495F7393-3EDA-4AED-9951-4817312E5554}"
EndProject
Project("{2150E333-8FDC-42A3-9474-1A3956D46DE8}") = "Signing", "Signing", "{F56E39F5-5328-4443-B683-CE96C32208F7}"
	ProjectSection(SolutionItems) = preProject
		.Global\Signing\ReadMe.txt = .Global\Signing\ReadMe.txt
		.Global\Signing\StrongName.Development.snk = .Global\Signing\StrongName.Development.snk
		.Global\Signing\StrongName.snk = .Global\Signing\StrongName.snk
	EndProjectSection
EndProject
Project("{2150E333-8FDC-42A3-9474-1A3956D46DE8}") = "NET-Core", "NET-Core", "{2057BC0C-DC03-4CD5-92D8-D4BC0D204BAA}"
EndProject
Project("{2150E333-8FDC-42A3-9474-1A3956D46DE8}") = "NET-Framework", "NET-Framework", "{18EDFE4B-9520-4195-9013-12FB29FA5325}"
EndProject
Project("{2150E333-8FDC-42A3-9474-1A3956D46DE8}") = "NET-Standard", "NET-Standard", "{30CEB3BC-3ED7-43C1-B160-08B8A604F534}"
EndProject
Project("{2150E333-8FDC-42A3-9474-1A3956D46DE8}") = "Git", "Git", "{6565E8F6-90A3-4130-AFD5-AB5E522105CE}"
	ProjectSection(SolutionItems) = preProject
		.gitignore = .gitignore
	EndProjectSection
EndProject
Project("{9A19103F-16F7-4668-BE54-9A1E7A4F7556}") = "Project", "NET-Standard\Project\Project.csproj", "{CC1EC422-B5D8-4C8B-B509-FB8AA2F7E9FC}"
EndProject
Project("{9A19103F-16F7-4668-BE54-9A1E7A4F7556}") = "UnitTests", "NET-Standard\UnitTests\UnitTests.csproj", "{2F66FA00-22AE-46B1-9C0A-6641EC9D75A4}"
EndProject
Project("{9A19103F-16F7-4668-BE54-9A1E7A4F7556}") = "Project", "NET-Framework\Project\Project.csproj", "{087B1A3D-F734-4292-9245-531176EEEA5F}"
EndProject
Project("{9A19103F-16F7-4668-BE54-9A1E7A4F7556}") = "UnitTests", "NET-Framework\UnitTests\UnitTests.csproj", "{BC3CA61E-815B-40C5-957A-35A06ACEB01E}"
EndProject
Project("{9A19103F-16F7-4668-BE54-9A1E7A4F7556}") = "Project", "NET-Core\Project\Project.csproj", "{465CA759-009F-4088-A456-EBD9A4A411D9}"
EndProject
Project("{9A19103F-16F7-4668-BE54-9A1E7A4F7556}") = "UnitTests", "NET-Core\UnitTests\UnitTests.csproj", "{FC74CE8E-5759-4079-8DD7-83A636B83F98}"
EndProject
Global
	GlobalSection(SolutionConfigurationPlatforms) = preSolution
		Debug|Any CPU = Debug|Any CPU
		Release|Any CPU = Release|Any CPU
	EndGlobalSection
	GlobalSection(ProjectConfigurationPlatforms) = postSolution
		{495F7393-3EDA-4AED-9951-4817312E5554}.Debug|Any CPU.ActiveCfg = Debug|Any CPU
		{495F7393-3EDA-4AED-9951-4817312E5554}.Debug|Any CPU.Build.0 = Debug|Any CPU
		{495F7393-3EDA-4AED-9951-4817312E5554}.Release|Any CPU.ActiveCfg = Debug|Any CPU
		{495F7393-3EDA-4AED-9951-4817312E5554}.Release|Any CPU.Build.0 = Debug|Any CPU
		{CC1EC422-B5D8-4C8B-B509-FB8AA2F7E9FC}.Debug|Any CPU.ActiveCfg = Debug|Any CPU
		{CC1EC422-B5D8-4C8B-B509-FB8AA2F7E9FC}.Debug|Any CPU.Build.0 = Debug|Any CPU
		{CC1EC422-B5D8-4C8B-B509-FB8AA2F7E9FC}.Release|Any CPU.ActiveCfg = Release|Any CPU
		{CC1EC422-B5D8-4C8B-B509-FB8AA2F7E9FC}.Release|Any CPU.Build.0 = Release|Any CPU
		{2F66FA00-22AE-46B1-9C0A-6641EC9D75A4}.Debug|Any CPU.ActiveCfg = Debug|Any CPU
		{2F66FA00-22AE-46B1-9C0A-6641EC9D75A4}.Debug|Any CPU.Build.0 = Debug|Any CPU
		{2F66FA00-22AE-46B1-9C0A-6641EC9D75A4}.Release|Any CPU.ActiveCfg = Release|Any CPU
		{2F66FA00-22AE-46B1-9C0A-6641EC9D75A4}.Release|Any CPU.Build.0 = Release|Any CPU
		{087B1A3D-F734-4292-9245-531176EEEA5F}.Debug|Any CPU.ActiveCfg = Debug|Any CPU
		{087B1A3D-F734-4292-9245-531176EEEA5F}.Debug|Any CPU.Build.0 = Debug|Any CPU
		{087B1A3D-F734-4292-9245-531176EEEA5F}.Release|Any CPU.ActiveCfg = Release|Any CPU
		{087B1A3D-F734-4292-9245-531176EEEA5F}.Release|Any CPU.Build.0 = Release|Any CPU
		{BC3CA61E-815B-40C5-957A-35A06ACEB01E}.Debug|Any CPU.ActiveCfg = Debug|Any CPU
		{BC3CA61E-815B-40C5-957A-35A06ACEB01E}.Debug|Any CPU.Build.0 = Debug|Any CPU
		{BC3CA61E-815B-40C5-957A-35A06ACEB01E}.Release|Any CPU.ActiveCfg = Release|Any CPU
		{BC3CA61E-815B-40C5-957A-35A06ACEB01E}.Release|Any CPU.Build.0 = Release|Any CPU
		{465CA759-009F-4088-A456-EBD9A4A411D9}.Debug|Any CPU.ActiveCfg = Debug|Any CPU
		{465CA759-009F-4088-A456-EBD9A4A411D9}.Debug|Any CPU.Build.0 = Debug|Any CPU
		{465CA759-009F-4088-A456-EBD9A4A411D9}.Release|Any CPU.ActiveCfg = Release|Any CPU
		{465CA759-009F-4088-A456-EBD9A4A411D9}.Release|Any CPU.Build.0 = Release|Any CPU
		{FC74CE8E-5759-4079-8DD7-83A636B83F98}.Debug|Any CPU.ActiveCfg = Debug|Any CPU
		{FC74CE8E-5759-4079-8DD7-83A636B83F98}.Debug|Any CPU.Build.0 = Debug|Any CPU
		{FC74CE8E-5759-4079-8DD7-83A636B83F98}.Release|Any CPU.ActiveCfg = Release|Any CPU
		{FC74CE8E-5759-4079-8DD7-83A636B83F98}.Release|Any CPU.Build.0 = Release|Any CPU
	EndGlobalSection
	GlobalSection(SolutionProperties) = preSolution
		HideSolutionNode = FALSE
	EndGlobalSection
	GlobalSection(NestedProjects) = preSolution
		{F67082ED-8FC7-485A-BC57-A9E0763CC0BF} = {E7639B9D-2AC6-4D61-8531-3980E31E369D}
		{D29A093C-8C20-49C1-BB1E-E7AA5993D48E} = {E7639B9D-2AC6-4D61-8531-3980E31E369D}
		{1453DDA9-ACFF-4782-BD1D-212A8E525D9F} = {E7639B9D-2AC6-4D61-8531-3980E31E369D}
		{45BF45F6-CAEE-469F-8E38-FACA774803DC} = {E7639B9D-2AC6-4D61-8531-3980E31E369D}
		{495F7393-3EDA-4AED-9951-4817312E5554} = {45BF45F6-CAEE-469F-8E38-FACA774803DC}
		{F56E39F5-5328-4443-B683-CE96C32208F7} = {E7639B9D-2AC6-4D61-8531-3980E31E369D}
		{6565E8F6-90A3-4130-AFD5-AB5E522105CE} = {E7639B9D-2AC6-4D61-8531-3980E31E369D}
		{CC1EC422-B5D8-4C8B-B509-FB8AA2F7E9FC} = {30CEB3BC-3ED7-43C1-B160-08B8A604F534}
		{2F66FA00-22AE-46B1-9C0A-6641EC9D75A4} = {30CEB3BC-3ED7-43C1-B160-08B8A604F534}
		{087B1A3D-F734-4292-9245-531176EEEA5F} = {18EDFE4B-9520-4195-9013-12FB29FA5325}
		{BC3CA61E-815B-40C5-957A-35A06ACEB01E} = {18EDFE4B-9520-4195-9013-12FB29FA5325}
		{465CA759-009F-4088-A456-EBD9A4A411D9} = {2057BC0C-DC03-4CD5-92D8-D4BC0D204BAA}
		{FC74CE8E-5759-4079-8DD7-83A636B83F98} = {2057BC0C-DC03-4CD5-92D8-D4BC0D204BAA}
	EndGlobalSection
EndGlobal
